// !$*UTF8*$!
{
	archiveVersion = 1;
	classes = {
	};
	objectVersion = 50;
	objects = {

/* Begin PBXBuildFile section */
		2726556323B7E337003E020F /* AppDelegate.swift in Sources */ = {isa = PBXBuildFile; fileRef = 2726556223B7E337003E020F /* AppDelegate.swift */; };
		2726556523B7E337003E020F /* SceneDelegate.swift in Sources */ = {isa = PBXBuildFile; fileRef = 2726556423B7E337003E020F /* SceneDelegate.swift */; };
		2726556723B7E337003E020F /* ViewController.swift in Sources */ = {isa = PBXBuildFile; fileRef = 2726556623B7E337003E020F /* ViewController.swift */; };
		2726556A23B7E337003E020F /* Main.storyboard in Resources */ = {isa = PBXBuildFile; fileRef = 2726556823B7E337003E020F /* Main.storyboard */; };
		2726556C23B7E33A003E020F /* Assets.xcassets in Resources */ = {isa = PBXBuildFile; fileRef = 2726556B23B7E33A003E020F /* Assets.xcassets */; };
		2726556F23B7E33A003E020F /* LaunchScreen.storyboard in Resources */ = {isa = PBXBuildFile; fileRef = 2726556D23B7E33A003E020F /* LaunchScreen.storyboard */; };
		2726557723B7E612003E020F /* CoffeeMachine.swift in Sources */ = {isa = PBXBuildFile; fileRef = 2726557623B7E612003E020F /* CoffeeMachine.swift */; };
/* End PBXBuildFile section */

/* Begin PBXFileReference section */
		2726555F23B7E337003E020F /* G76L5.app */ = {isa = PBXFileReference; explicitFileType = wrapper.application; includeInIndex = 0; path = G76L5.app; sourceTree = BUILT_PRODUCTS_DIR; };
		2726556223B7E337003E020F /* AppDelegate.swift */ = {isa = PBXFileReference; lastKnownFileType = sourcecode.swift; path = AppDelegate.swift; sourceTree = "<group>"; };
		2726556423B7E337003E020F /* SceneDelegate.swift */ = {isa = PBXFileReference; lastKnownFileType = sourcecode.swift; path = SceneDelegate.swift; sourceTree = "<group>"; };
		2726556623B7E337003E020F /* ViewController.swift */ = {isa = PBXFileReference; lastKnownFileType = sourcecode.swift; path = ViewController.swift; sourceTree = "<group>"; };
		2726556923B7E337003E020F /* Base */ = {isa = PBXFileReference; lastKnownFileType = file.storyboard; name = Base; path = Base.lproj/Main.storyboard; sourceTree = "<group>"; };
		2726556B23B7E33A003E020F /* Assets.xcassets */ = {isa = PBXFileReference; lastKnownFileType = folder.assetcatalog; path = Assets.xcassets; sourceTree = "<group>"; };
		2726556E23B7E33A003E020F /* Base */ = {isa = PBXFileReference; lastKnownFileType = file.storyboard; name = Base; path = Base.lproj/LaunchScreen.storyboard; sourceTree = "<group>"; };
		2726557023B7E33A003E020F /* Info.plist */ = {isa = PBXFileReference; lastKnownFileType = text.plist.xml; path = Info.plist; sourceTree = "<group>"; };
		2726557623B7E612003E020F /* CoffeeMachine.swift */ = {isa = PBXFileReference; lastKnownFileType = sourcecode.swift; path = CoffeeMachine.swift; sourceTree = "<group>"; };
/* End PBXFileReference section */

/* Begin PBXFrameworksBuildPhase section */
		2726555C23B7E337003E020F /* Frameworks */ = {
			isa = PBXFrameworksBuildPhase;
			buildActionMask = 2147483647;
			files = (
			);
			runOnlyForDeploymentPostprocessing = 0;
		};
/* End PBXFrameworksBuildPhase section */

/* Begin PBXGroup section */
		2726555623B7E337003E020F = {
			isa = PBXGroup;
			children = (
				2726556123B7E337003E020F /* G76L5 */,
				2726556023B7E337003E020F /* Products */,
			);
			sourceTree = "<group>";
		};
		2726556023B7E337003E020F /* Products */ = {
			isa = PBXGroup;
			children = (
				2726555F23B7E337003E020F /* G76L5.app */,
			);
			name = Products;
			sourceTree = "<group>";
		};
		2726556123B7E337003E020F /* G76L5 */ = {
			isa = PBXGroup;
			children = (
				2726556223B7E337003E020F /* AppDelegate.swift */,
				2726556423B7E337003E020F /* SceneDelegate.swift */,
				2726556623B7E337003E020F /* ViewController.swift */,
				2726557623B7E612003E020F /* CoffeeMachine.swift */,
				2726556823B7E337003E020F /* Main.storyboard */,
				2726556B23B7E33A003E020F /* Assets.xcassets */,
				2726556D23B7E33A003E020F /* LaunchScreen.storyboard */,
				2726557023B7E33A003E020F /* Info.plist */,
			);
			path = G76L5;
			sourceTree = "<group>";
		};
/* End PBXGroup section */

/* Begin PBXNativeTarget section */
		2726555E23B7E337003E020F /* G76L5 */ = {
			isa = PBXNativeTarget;
			buildConfigurationList = 2726557323B7E33A003E020F /* Build configuration list for PBXNativeTarget "G76L5" */;
			buildPhases = (
				2726555B23B7E337003E020F /* Sources */,
				2726555C23B7E337003E020F /* Frameworks */,
				2726555D23B7E337003E020F /* Resources */,
			);
			buildRules = (
			);
			dependencies = (
			);
			name = G76L5;
			productName = G76L5;
			productReference = 2726555F23B7E337003E020F /* G76L5.app */;
			productType = "com.apple.product-type.application";
		};
/* End PBXNativeTarget section */

/* Begin PBXProject section */
		2726555723B7E337003E020F /* Project object */ = {
			isa = PBXProject;
			attributes = {
				LastSwiftUpdateCheck = 1130;
				LastUpgradeCheck = 1130;
				ORGANIZATIONNAME = "Oleksandr Seliverstov";
				TargetAttributes = {
					2726555E23B7E337003E020F = {
						CreatedOnToolsVersion = 11.3;
					};
				};
			};
			buildConfigurationList = 2726555A23B7E337003E020F /* Build configuration list for PBXProject "G76L5" */;
			compatibilityVersion = "Xcode 9.3";
			developmentRegion = en;
			hasScannedForEncodings = 0;
			knownRegions = (
				en,
				Base,
			);
			mainGroup = 2726555623B7E337003E020F;
			productRefGroup = 2726556023B7E337003E020F /* Products */;
			projectDirPath = "";
			projectRoot = "";
			targets = (
				2726555E23B7E337003E020F /* G76L5 */,
			);
		};
/* End PBXProject section */

/* Begin PBXResourcesBuildPhase section */
		2726555D23B7E337003E020F /* Resources */ = {
			isa = PBXResourcesBuildPhase;
			buildActionMask = 2147483647;
			files = (
				2726556F23B7E33A003E020F /* LaunchScreen.storyboard in Resources */,
				2726556C23B7E33A003E020F /* Assets.xcassets in Resources */,
				2726556A23B7E337003E020F /* Main.storyboard in Resources */,
			);
			runOnlyForDeploymentPostprocessing = 0;
		};
/* End PBXResourcesBuildPhase section */

/* Begin PBXSourcesBuildPhase section */
		2726555B23B7E337003E020F /* Sources */ = {
			isa = PBXSourcesBuildPhase;
			buildActionMask = 2147483647;
			files = (
				2726556723B7E337003E020F /* ViewController.swift in Sources */,
				2726556323B7E337003E020F /* AppDelegate.swift in Sources */,
				2726556523B7E337003E020F /* SceneDelegate.swift in Sources */,
				2726557723B7E612003E020F /* CoffeeMachine.swift in Sources */,
			);
			runOnlyForDeploymentPostprocessing = 0;
		};
/* End PBXSourcesBuildPhase section */

/* Begin PBXVariantGroup section */
		2726556823B7E337003E020F /* Main.storyboard */ = {
			isa = PBXVariantGroup;
			children = (
				2726556923B7E337003E020F /* Base */,
			);
			name = Main.storyboard;
			sourceTree = "<group>";
		};
		2726556D23B7E33A003E020F /* LaunchScreen.storyboard */ = {
			isa = PBXVariantGroup;
			children = (
				2726556E23B7E33A003E020F /* Base */,
			);
			name = LaunchScreen.storyboard;
			sourceTree = "<group>";
		};
/* End PBXVariantGroup section */

/* Begin XCBuildConfiguration section */
		2726557123B7E33A003E020F /* Debug */ = {
			isa = XCBuildConfiguration;
			buildSettings = {
				ALWAYS_SEARCH_USER_PATHS = NO;
				CLANG_ANALYZER_NONNULL = YES;
				CLANG_ANALYZER_NUMBER_OBJECT_CONVERSION = YES_AGGRESSIVE;
				CLANG_CXX_LANGUAGE_STANDARD = "gnu++14";
				CLANG_CXX_LIBRARY = "libc++";
				CLANG_ENABLE_MODULES = YES;
				CLANG_ENABLE_OBJC_ARC = YES;
				CLANG_ENABLE_OBJC_WEAK = YES;
				CLANG_WARN_BLOCK_CAPTURE_AUTORELEASING = YES;
				CLANG_WARN_BOOL_CONVERSION = YES;
				CLANG_WARN_COMMA = YES;
				CLANG_WARN_CONSTANT_CONVERSION = YES;
				CLANG_WARN_DEPRECATED_OBJC_IMPLEMENTATIONS = YES;
				CLANG_WARN_DIRECT_OBJC_ISA_USAGE = YES_ERROR;
				CLANG_WARN_DOCUMENTATION_COMMENTS = YES;
				CLANG_WARN_EMPTY_BODY = YES;
				CLANG_WARN_ENUM_CONVERSION = YES;
				CLANG_WARN_INFINITE_RECURSION = YES;
				CLANG_WARN_INT_CONVERSION = YES;
				CLANG_WARN_NON_LITERAL_NULL_CONVERSION = YES;
				CLANG_WARN_OBJC_IMPLICIT_RETAIN_SELF = YES;
				CLANG_WARN_OBJC_LITERAL_CONVERSION = YES;
				CLANG_WARN_OBJC_ROOT_CLASS = YES_ERROR;
				CLANG_WARN_RANGE_LOOP_ANALYSIS = YES;
				CLANG_WARN_STRICT_PROTOTYPES = YES;
				CLANG_WARN_SUSPICIOUS_MOVE = YES;
				CLANG_WARN_UNGUARDED_AVAILABILITY = YES_AGGRESSIVE;
				CLANG_WARN_UNREACHABLE_CODE = YES;
				CLANG_WARN__DUPLICATE_METHOD_MATCH = YES;
				COPY_PHASE_STRIP = NO;
				DEBUG_INFORMATION_FORMAT = dwarf;
				ENABLE_STRICT_OBJC_MSGSEND = YES;
				ENABLE_TESTABILITY = YES;
				GCC_C_LANGUAGE_STANDARD = gnu11;
				GCC_DYNAMIC_NO_PIC = NO;
				GCC_NO_COMMON_BLOCKS = YES;
				GCC_OPTIMIZATION_LEVEL = 0;
				GCC_PREPROCESSOR_DEFINITIONS = (
					"DEBUG=1",
					"$(inherited)",
				);
				GCC_WARN_64_TO_32_BIT_CONVERSION = YES;
				GCC_WARN_ABOUT_RETURN_TYPE = YES_ERROR;
				GCC_WARN_UNDECLARED_SELECTOR = YES;
				GCC_WARN_UNINITIALIZED_AUTOS = YES_AGGRESSIVE;
				GCC_WARN_UNUSED_FUNCTION = YES;
				GCC_WARN_UNUSED_VARIABLE = YES;
				IPHONEOS_DEPLOYMENT_TARGET = 13.2;
				MTL_ENABLE_DEBUG_INFO = INCLUDE_SOURCE;
				MTL_FAST_MATH = YES;
				ONLY_ACTIVE_ARCH = YES;
				SDKROOT = iphoneos;
				SWIFT_ACTIVE_COMPILATION_CONDITIONS = DEBUG;
				SWIFT_OPTIMIZATION_LEVEL = "-Onone";
			};
			name = Debug;
		};
		2726557223B7E33A003E020F /* Release */ = {
			isa = XCBuildConfiguration;
			buildSettings = {
				ALWAYS_SEARCH_USER_PATHS = NO;
				CLANG_ANALYZER_NONNULL = YES;
				CLANG_ANALYZER_NUMBER_OBJECT_CONVERSION = YES_AGGRESSIVE;
				CLANG_CXX_LANGUAGE_STANDARD = "gnu++14";
				CLANG_CXX_LIBRARY = "libc++";
				CLANG_ENABLE_MODULES = YES;
				CLANG_ENABLE_OBJC_ARC = YES;
				CLANG_ENABLE_OBJC_WEAK = YES;
				CLANG_WARN_BLOCK_CAPTURE_AUTORELEASING = YES;
				CLANG_WARN_BOOL_CONVERSION = YES;
				CLANG_WARN_COMMA = YES;
				CLANG_WARN_CONSTANT_CONVERSION = YES;
				CLANG_WARN_DEPRECATED_OBJC_IMPLEMENTATIONS = YES;
				CLANG_WARN_DIRECT_OBJC_ISA_USAGE = YES_ERROR;
				CLANG_WARN_DOCUMENTATION_COMMENTS = YES;
				CLANG_WARN_EMPTY_BODY = YES;
				CLANG_WARN_ENUM_CONVERSION = YES;
				CLANG_WARN_INFINITE_RECURSION = YES;
				CLANG_WARN_INT_CONVERSION = YES;
				CLANG_WARN_NON_LITERAL_NULL_CONVERSION = YES;
				CLANG_WARN_OBJC_IMPLICIT_RETAIN_SELF = YES;
				CLANG_WARN_OBJC_LITERAL_CONVERSION = YES;
				CLANG_WARN_OBJC_ROOT_CLASS = YES_ERROR;
				CLANG_WARN_RANGE_LOOP_ANALYSIS = YES;
				CLANG_WARN_STRICT_PROTOTYPES = YES;
				CLANG_WARN_SUSPICIOUS_MOVE = YES;
				CLANG_WARN_UNGUARDED_AVAILABILITY = YES_AGGRESSIVE;
				CLANG_WARN_UNREACHABLE_CODE = YES;
				CLANG_WARN__DUPLICATE_METHOD_MATCH = YES;
				COPY_PHASE_STRIP = NO;
				DEBUG_INFORMATION_FORMAT = "dwarf-with-dsym";
				ENABLE_NS_ASSERTIONS = NO;
				ENABLE_STRICT_OBJC_MSGSEND = YES;
				GCC_C_LANGUAGE_STANDARD = gnu11;
				GCC_NO_COMMON_BLOCKS = YES;
				GCC_WARN_64_TO_32_BIT_CONVERSION = YES;
				GCC_WARN_ABOUT_RETURN_TYPE = YES_ERROR;
				GCC_WARN_UNDECLARED_SELECTOR = YES;
				GCC_WARN_UNINITIALIZED_AUTOS = YES_AGGRESSIVE;
				GCC_WARN_UNUSED_FUNCTION = YES;
				GCC_WARN_UNUSED_VARIABLE = YES;
				IPHONEOS_DEPLOYMENT_TARGET = 13.2;
				MTL_ENABLE_DEBUG_INFO = NO;
				MTL_FAST_MATH = YES;
				SDKROOT = iphoneos;
				SWIFT_COMPILATION_MODE = wholemodule;
				SWIFT_OPTIMIZATION_LEVEL = "-O";
				VALIDATE_PRODUCT = YES;
			};
			name = Release;
		};
		2726557423B7E33A003E020F /* Debug */ = {
			isa = XCBuildConfiguration;
			buildSettings = {
				ASSETCATALOG_COMPILER_APPICON_NAME = AppIcon;
				CODE_SIGN_STYLE = Automatic;
				DEVELOPMENT_TEAM = ZF8P8ZWCNB;
				INFOPLIST_FILE = G76L5/Info.plist;
				LD_RUNPATH_SEARCH_PATHS = (
					"$(inherited)",
					"@executable_path/Frameworks",
				);
				PRODUCT_BUNDLE_IDENTIFIER = OleksandrSeliverstov.G76L5;
				PRODUCT_NAME = "$(TARGET_NAME)";
				SWIFT_VERSION = 5.0;
				TARGETED_DEVICE_FAMILY = "1,2";
			};
			name = Debug;
		};
		2726557523B7E33A003E020F /* Release */ = {
			isa = XCBuildConfiguration;
			buildSettings = {
				ASSETCATALOG_COMPILER_APPICON_NAME = AppIcon;
				CODE_SIGN_STYLE = Automatic;
				DEVELOPMENT_TEAM = ZF8P8ZWCNB;
				INFOPLIST_FILE = G76L5/Info.plist;
				LD_RUNPATH_SEARCH_PATHS = (
					"$(inherited)",
					"@executable_path/Frameworks",
				);
				PRODUCT_BUNDLE_IDENTIFIER = OleksandrSeliverstov.G76L5;
				PRODUCT_NAME = "$(TARGET_NAME)";
				SWIFT_VERSION = 5.0;
				TARGETED_DEVICE_FAMILY = "1,2";
			};
			name = Release;
		};
/* End XCBuildConfiguration section */

/* Begin XCConfigurationList section */
		2726555A23B7E337003E020F /* Build configuration list for PBXProject "G76L5" */ = {
			isa = XCConfigurationList;
			buildConfigurations = (
				2726557123B7E33A003E020F /* Debug */,
				2726557223B7E33A003E020F /* Release */,
			);
			defaultConfigurationIsVisible = 0;
			defaultConfigurationName = Release;
		};
		2726557323B7E33A003E020F /* Build configuration list for PBXNativeTarget "G76L5" */ = {
			isa = XCConfigurationList;
			buildConfigurations = (
				2726557423B7E33A003E020F /* Debug */,
				2726557523B7E33A003E020F /* Release */,
			);
			defaultConfigurationIsVisible = 0;
			defaultConfigurationName = Release;
		};
/* End XCConfigurationList section */
	};
	rootObject = 2726555723B7E337003E020F /* Project object */;
}
